
Microsoft Visual Studio Solution File, Format Version 12.00
# Visual Studio 15
VisualStudioVersion = 15.0.26228.9
MinimumVisualStudioVersion = 10.0.40219.1
Project("{D954291E-2A0B-460D-934E-DC6B0785DB48}") = "ProjectOno.App", "ProjectOno.App\ProjectOno.App\ProjectOno.App.shproj", "{59CDE025-CD20-4B57-A18D-4B2AFD367DD8}"
EndProject
Project("{FAE04EC0-301F-11D3-BF4B-00C04F79EFBC}") = "ProjectOno.App.Android", "ProjectOno.App\ProjectOno.App.Android\ProjectOno.App.Android.csproj", "{1C86C5E7-181F-4B98-8DA4-08F191FCA8D1}"
EndProject
Project("{FAE04EC0-301F-11D3-BF4B-00C04F79EFBC}") = "ProjectOno.App.iOS", "ProjectOno.App\ProjectOno.App.iOS\ProjectOno.App.iOS.csproj", "{78F4EE4B-F06D-49FC-8BFF-7D3D8911BF94}"
EndProject
Project("{FAE04EC0-301F-11D3-BF4B-00C04F79EFBC}") = "ProjectOno.App.UWP", "ProjectOno.App\ProjectOno.App.UWP\ProjectOno.App.UWP.csproj", "{153CE513-30AD-4DB7-A5BF-6D775E5EEF27}"
EndProject
Project("{FAE04EC0-301F-11D3-BF4B-00C04F79EFBC}") = "ProjectOno.Core", "ProjectOno.Core\ProjectOno.Core.csproj", "{67F9D3A8-F71E-4428-913F-C37AE82CDB24}"
EndProject
Project("{FAE04EC0-301F-11D3-BF4B-00C04F79EFBC}") = "ProjectOno.Tests", "ProjectOno.Tests\ProjectOno.Tests.csproj", "{7E8DC279-549E-4B3B-BB4C-4F29450729CF}"
EndProject
Global
	GlobalSection(SharedMSBuildProjectFiles) = preSolution
		ProjectOno.App\ProjectOno.App\ProjectOno.App.projitems*{153ce513-30ad-4db7-a5bf-6d775e5eef27}*SharedItemsImports = 4
		ProjectOno.App\ProjectOno.App\ProjectOno.App.projitems*{1c86c5e7-181f-4b98-8da4-08f191fca8d1}*SharedItemsImports = 4
		ProjectOno.App\ProjectOno.App\ProjectOno.App.projitems*{59cde025-cd20-4b57-a18d-4b2afd367dd8}*SharedItemsImports = 13
		ProjectOno.App\ProjectOno.App\ProjectOno.App.projitems*{78f4ee4b-f06d-49fc-8bff-7d3d8911bf94}*SharedItemsImports = 4
	EndGlobalSection
	GlobalSection(SolutionConfigurationPlatforms) = preSolution
		Ad-Hoc|Any CPU = Ad-Hoc|Any CPU
		Ad-Hoc|ARM = Ad-Hoc|ARM
		Ad-Hoc|iPhone = Ad-Hoc|iPhone
		Ad-Hoc|iPhoneSimulator = Ad-Hoc|iPhoneSimulator
		Ad-Hoc|x64 = Ad-Hoc|x64
		Ad-Hoc|x86 = Ad-Hoc|x86
		AppStore|Any CPU = AppStore|Any CPU
		AppStore|ARM = AppStore|ARM
		AppStore|iPhone = AppStore|iPhone
		AppStore|iPhoneSimulator = AppStore|iPhoneSimulator
		AppStore|x64 = AppStore|x64
		AppStore|x86 = AppStore|x86
		Debug|Any CPU = Debug|Any CPU
		Debug|ARM = Debug|ARM
		Debug|iPhone = Debug|iPhone
		Debug|iPhoneSimulator = Debug|iPhoneSimulator
		Debug|x64 = Debug|x64
		Debug|x86 = Debug|x86
		Release|Any CPU = Release|Any CPU
		Release|ARM = Release|ARM
		Release|iPhone = Release|iPhone
		Release|iPhoneSimulator = Release|iPhoneSimulator
		Release|x64 = Release|x64
		Release|x86 = Release|x86
	EndGlobalSection
	GlobalSection(ProjectConfigurationPlatforms) = postSolution
		{1C86C5E7-181F-4B98-8DA4-08F191FCA8D1}.Ad-Hoc|Any CPU.ActiveCfg = Release|Any CPU
		{1C86C5E7-181F-4B98-8DA4-08F191FCA8D1}.Ad-Hoc|Any CPU.Build.0 = Release|Any CPU
		{1C86C5E7-181F-4B98-8DA4-08F191FCA8D1}.Ad-Hoc|Any CPU.Deploy.0 = Release|Any CPU
		{1C86C5E7-181F-4B98-8DA4-08F191FCA8D1}.Ad-Hoc|ARM.ActiveCfg = Release|Any CPU
		{1C86C5E7-181F-4B98-8DA4-08F191FCA8D1}.Ad-Hoc|ARM.Build.0 = Release|Any CPU
		{1C86C5E7-181F-4B98-8DA4-08F191FCA8D1}.Ad-Hoc|ARM.Deploy.0 = Release|Any CPU
		{1C86C5E7-181F-4B98-8DA4-08F191FCA8D1}.Ad-Hoc|iPhone.ActiveCfg = Release|Any CPU
		{1C86C5E7-181F-4B98-8DA4-08F191FCA8D1}.Ad-Hoc|iPhone.Build.0 = Release|Any CPU
		{1C86C5E7-181F-4B98-8DA4-08F191FCA8D1}.Ad-Hoc|iPhone.Deploy.0 = Release|Any CPU
		{1C86C5E7-181F-4B98-8DA4-08F191FCA8D1}.Ad-Hoc|iPhoneSimulator.ActiveCfg = Release|Any CPU
		{1C86C5E7-181F-4B98-8DA4-08F191FCA8D1}.Ad-Hoc|iPhoneSimulator.Build.0 = Release|Any CPU
		{1C86C5E7-181F-4B98-8DA4-08F191FCA8D1}.Ad-Hoc|iPhoneSimulator.Deploy.0 = Release|Any CPU
		{1C86C5E7-181F-4B98-8DA4-08F191FCA8D1}.Ad-Hoc|x64.ActiveCfg = Release|Any CPU
		{1C86C5E7-181F-4B98-8DA4-08F191FCA8D1}.Ad-Hoc|x64.Build.0 = Release|Any CPU
		{1C86C5E7-181F-4B98-8DA4-08F191FCA8D1}.Ad-Hoc|x64.Deploy.0 = Release|Any CPU
		{1C86C5E7-181F-4B98-8DA4-08F191FCA8D1}.Ad-Hoc|x86.ActiveCfg = Release|Any CPU
		{1C86C5E7-181F-4B98-8DA4-08F191FCA8D1}.Ad-Hoc|x86.Build.0 = Release|Any CPU
		{1C86C5E7-181F-4B98-8DA4-08F191FCA8D1}.Ad-Hoc|x86.Deploy.0 = Release|Any CPU
		{1C86C5E7-181F-4B98-8DA4-08F191FCA8D1}.AppStore|Any CPU.ActiveCfg = Release|Any CPU
		{1C86C5E7-181F-4B98-8DA4-08F191FCA8D1}.AppStore|Any CPU.Build.0 = Release|Any CPU
		{1C86C5E7-181F-4B98-8DA4-08F191FCA8D1}.AppStore|Any CPU.Deploy.0 = Release|Any CPU
		{1C86C5E7-181F-4B98-8DA4-08F191FCA8D1}.AppStore|ARM.ActiveCfg = Release|Any CPU
		{1C86C5E7-181F-4B98-8DA4-08F191FCA8D1}.AppStore|ARM.Build.0 = Release|Any CPU
		{1C86C5E7-181F-4B98-8DA4-08F191FCA8D1}.AppStore|ARM.Deploy.0 = Release|Any CPU
		{1C86C5E7-181F-4B98-8DA4-08F191FCA8D1}.AppStore|iPhone.ActiveCfg = Release|Any CPU
		{1C86C5E7-181F-4B98-8DA4-08F191FCA8D1}.AppStore|iPhone.Build.0 = Release|Any CPU
		{1C86C5E7-181F-4B98-8DA4-08F191FCA8D1}.AppStore|iPhone.Deploy.0 = Release|Any CPU
		{1C86C5E7-181F-4B98-8DA4-08F191FCA8D1}.AppStore|iPhoneSimulator.ActiveCfg = Release|Any CPU
		{1C86C5E7-181F-4B98-8DA4-08F191FCA8D1}.AppStore|iPhoneSimulator.Build.0 = Release|Any CPU
		{1C86C5E7-181F-4B98-8DA4-08F191FCA8D1}.AppStore|iPhoneSimulator.Deploy.0 = Release|Any CPU
		{1C86C5E7-181F-4B98-8DA4-08F191FCA8D1}.AppStore|x64.ActiveCfg = Release|Any CPU
		{1C86C5E7-181F-4B98-8DA4-08F191FCA8D1}.AppStore|x64.Build.0 = Release|Any CPU
		{1C86C5E7-181F-4B98-8DA4-08F191FCA8D1}.AppStore|x64.Deploy.0 = Release|Any CPU
		{1C86C5E7-181F-4B98-8DA4-08F191FCA8D1}.AppStore|x86.ActiveCfg = Release|Any CPU
		{1C86C5E7-181F-4B98-8DA4-08F191FCA8D1}.AppStore|x86.Build.0 = Release|Any CPU
		{1C86C5E7-181F-4B98-8DA4-08F191FCA8D1}.AppStore|x86.Deploy.0 = Release|Any CPU
		{1C86C5E7-181F-4B98-8DA4-08F191FCA8D1}.Debug|Any CPU.ActiveCfg = Debug|Any CPU
		{1C86C5E7-181F-4B98-8DA4-08F191FCA8D1}.Debug|Any CPU.Build.0 = Debug|Any CPU
		{1C86C5E7-181F-4B98-8DA4-08F191FCA8D1}.Debug|Any CPU.Deploy.0 = Debug|Any CPU
		{1C86C5E7-181F-4B98-8DA4-08F191FCA8D1}.Debug|ARM.ActiveCfg = Debug|Any CPU
		{1C86C5E7-181F-4B98-8DA4-08F191FCA8D1}.Debug|ARM.Build.0 = Debug|Any CPU
		{1C86C5E7-181F-4B98-8DA4-08F191FCA8D1}.Debug|ARM.Deploy.0 = Debug|Any CPU
		{1C86C5E7-181F-4B98-8DA4-08F191FCA8D1}.Debug|iPhone.ActiveCfg = Debug|Any CPU
		{1C86C5E7-181F-4B98-8DA4-08F191FCA8D1}.Debug|iPhone.Build.0 = Debug|Any CPU
		{1C86C5E7-181F-4B98-8DA4-08F191FCA8D1}.Debug|iPhone.Deploy.0 = Debug|Any CPU
		{1C86C5E7-181F-4B98-8DA4-08F191FCA8D1}.Debug|iPhoneSimulator.ActiveCfg = Debug|Any CPU
		{1C86C5E7-181F-4B98-8DA4-08F191FCA8D1}.Debug|iPhoneSimulator.Build.0 = Debug|Any CPU
		{1C86C5E7-181F-4B98-8DA4-08F191FCA8D1}.Debug|iPhoneSimulator.Deploy.0 = Debug|Any CPU
		{1C86C5E7-181F-4B98-8DA4-08F191FCA8D1}.Debug|x64.ActiveCfg = Debug|Any CPU
		{1C86C5E7-181F-4B98-8DA4-08F191FCA8D1}.Debug|x64.Build.0 = Debug|Any CPU
		{1C86C5E7-181F-4B98-8DA4-08F191FCA8D1}.Debug|x64.Deploy.0 = Debug|Any CPU
		{1C86C5E7-181F-4B98-8DA4-08F191FCA8D1}.Debug|x86.ActiveCfg = Debug|Any CPU
		{1C86C5E7-181F-4B98-8DA4-08F191FCA8D1}.Debug|x86.Build.0 = Debug|Any CPU
		{1C86C5E7-181F-4B98-8DA4-08F191FCA8D1}.Debug|x86.Deploy.0 = Debug|Any CPU
		{1C86C5E7-181F-4B98-8DA4-08F191FCA8D1}.Release|Any CPU.ActiveCfg = Release|Any CPU
		{1C86C5E7-181F-4B98-8DA4-08F191FCA8D1}.Release|Any CPU.Build.0 = Release|Any CPU
		{1C86C5E7-181F-4B98-8DA4-08F191FCA8D1}.Release|Any CPU.Deploy.0 = Release|Any CPU
		{1C86C5E7-181F-4B98-8DA4-08F191FCA8D1}.Release|ARM.ActiveCfg = Release|Any CPU
		{1C86C5E7-181F-4B98-8DA4-08F191FCA8D1}.Release|ARM.Build.0 = Release|Any CPU
		{1C86C5E7-181F-4B98-8DA4-08F191FCA8D1}.Release|ARM.Deploy.0 = Release|Any CPU
		{1C86C5E7-181F-4B98-8DA4-08F191FCA8D1}.Release|iPhone.ActiveCfg = Release|Any CPU
		{1C86C5E7-181F-4B98-8DA4-08F191FCA8D1}.Release|iPhone.Build.0 = Release|Any CPU
		{1C86C5E7-181F-4B98-8DA4-08F191FCA8D1}.Release|iPhone.Deploy.0 = Release|Any CPU
		{1C86C5E7-181F-4B98-8DA4-08F191FCA8D1}.Release|iPhoneSimulator.ActiveCfg = Release|Any CPU
		{1C86C5E7-181F-4B98-8DA4-08F191FCA8D1}.Release|iPhoneSimulator.Build.0 = Release|Any CPU
		{1C86C5E7-181F-4B98-8DA4-08F191FCA8D1}.Release|iPhoneSimulator.Deploy.0 = Release|Any CPU
		{1C86C5E7-181F-4B98-8DA4-08F191FCA8D1}.Release|x64.ActiveCfg = Release|Any CPU
		{1C86C5E7-181F-4B98-8DA4-08F191FCA8D1}.Release|x64.Build.0 = Release|Any CPU
		{1C86C5E7-181F-4B98-8DA4-08F191FCA8D1}.Release|x64.Deploy.0 = Release|Any CPU
		{1C86C5E7-181F-4B98-8DA4-08F191FCA8D1}.Release|x86.ActiveCfg = Release|Any CPU
		{1C86C5E7-181F-4B98-8DA4-08F191FCA8D1}.Release|x86.Build.0 = Release|Any CPU
		{1C86C5E7-181F-4B98-8DA4-08F191FCA8D1}.Release|x86.Deploy.0 = Release|Any CPU
		{78F4EE4B-F06D-49FC-8BFF-7D3D8911BF94}.Ad-Hoc|Any CPU.ActiveCfg = Ad-Hoc|iPhone
		{78F4EE4B-F06D-49FC-8BFF-7D3D8911BF94}.Ad-Hoc|ARM.ActiveCfg = Ad-Hoc|iPhone
		{78F4EE4B-F06D-49FC-8BFF-7D3D8911BF94}.Ad-Hoc|iPhone.ActiveCfg = Ad-Hoc|iPhone
		{78F4EE4B-F06D-49FC-8BFF-7D3D8911BF94}.Ad-Hoc|iPhone.Build.0 = Ad-Hoc|iPhone
		{78F4EE4B-F06D-49FC-8BFF-7D3D8911BF94}.Ad-Hoc|iPhoneSimulator.ActiveCfg = Ad-Hoc|iPhoneSimulator
		{78F4EE4B-F06D-49FC-8BFF-7D3D8911BF94}.Ad-Hoc|iPhoneSimulator.Build.0 = Ad-Hoc|iPhoneSimulator
		{78F4EE4B-F06D-49FC-8BFF-7D3D8911BF94}.Ad-Hoc|x64.ActiveCfg = Ad-Hoc|iPhone
		{78F4EE4B-F06D-49FC-8BFF-7D3D8911BF94}.Ad-Hoc|x86.ActiveCfg = Ad-Hoc|iPhone
		{78F4EE4B-F06D-49FC-8BFF-7D3D8911BF94}.AppStore|Any CPU.ActiveCfg = AppStore|iPhone
		{78F4EE4B-F06D-49FC-8BFF-7D3D8911BF94}.AppStore|ARM.ActiveCfg = AppStore|iPhone
		{78F4EE4B-F06D-49FC-8BFF-7D3D8911BF94}.AppStore|iPhone.ActiveCfg = AppStore|iPhone
		{78F4EE4B-F06D-49FC-8BFF-7D3D8911BF94}.AppStore|iPhone.Build.0 = AppStore|iPhone
		{78F4EE4B-F06D-49FC-8BFF-7D3D8911BF94}.AppStore|iPhoneSimulator.ActiveCfg = AppStore|iPhoneSimulator
		{78F4EE4B-F06D-49FC-8BFF-7D3D8911BF94}.AppStore|iPhoneSimulator.Build.0 = AppStore|iPhoneSimulator
		{78F4EE4B-F06D-49FC-8BFF-7D3D8911BF94}.AppStore|x64.ActiveCfg = AppStore|iPhone
		{78F4EE4B-F06D-49FC-8BFF-7D3D8911BF94}.AppStore|x86.ActiveCfg = AppStore|iPhone
		{78F4EE4B-F06D-49FC-8BFF-7D3D8911BF94}.Debug|Any CPU.ActiveCfg = Debug|iPhone
		{78F4EE4B-F06D-49FC-8BFF-7D3D8911BF94}.Debug|ARM.ActiveCfg = Debug|iPhone
		{78F4EE4B-F06D-49FC-8BFF-7D3D8911BF94}.Debug|iPhone.ActiveCfg = Debug|iPhone
		{78F4EE4B-F06D-49FC-8BFF-7D3D8911BF94}.Debug|iPhone.Build.0 = Debug|iPhone
		{78F4EE4B-F06D-49FC-8BFF-7D3D8911BF94}.Debug|iPhoneSimulator.ActiveCfg = Debug|iPhoneSimulator
		{78F4EE4B-F06D-49FC-8BFF-7D3D8911BF94}.Debug|iPhoneSimulator.Build.0 = Debug|iPhoneSimulator
		{78F4EE4B-F06D-49FC-8BFF-7D3D8911BF94}.Debug|x64.ActiveCfg = Debug|iPhone
		{78F4EE4B-F06D-49FC-8BFF-7D3D8911BF94}.Debug|x86.ActiveCfg = Debug|iPhone
		{78F4EE4B-F06D-49FC-8BFF-7D3D8911BF94}.Release|Any CPU.ActiveCfg = Release|iPhone
		{78F4EE4B-F06D-49FC-8BFF-7D3D8911BF94}.Release|ARM.ActiveCfg = Release|iPhone
		{78F4EE4B-F06D-49FC-8BFF-7D3D8911BF94}.Release|iPhone.ActiveCfg = Release|iPhone
		{78F4EE4B-F06D-49FC-8BFF-7D3D8911BF94}.Release|iPhone.Build.0 = Release|iPhone
		{78F4EE4B-F06D-49FC-8BFF-7D3D8911BF94}.Release|iPhoneSimulator.ActiveCfg = Release|iPhoneSimulator
		{78F4EE4B-F06D-49FC-8BFF-7D3D8911BF94}.Release|iPhoneSimulator.Build.0 = Release|iPhoneSimulator
		{78F4EE4B-F06D-49FC-8BFF-7D3D8911BF94}.Release|x64.ActiveCfg = Release|iPhone
		{78F4EE4B-F06D-49FC-8BFF-7D3D8911BF94}.Release|x86.ActiveCfg = Release|iPhone
		{153CE513-30AD-4DB7-A5BF-6D775E5EEF27}.Ad-Hoc|Any CPU.ActiveCfg = Release|x86
		{153CE513-30AD-4DB7-A5BF-6D775E5EEF27}.Ad-Hoc|Any CPU.Build.0 = Release|x86
		{153CE513-30AD-4DB7-A5BF-6D775E5EEF27}.Ad-Hoc|Any CPU.Deploy.0 = Release|x86
		{153CE513-30AD-4DB7-A5BF-6D775E5EEF27}.Ad-Hoc|ARM.ActiveCfg = Release|ARM
		{153CE513-30AD-4DB7-A5BF-6D775E5EEF27}.Ad-Hoc|ARM.Build.0 = Release|ARM
		{153CE513-30AD-4DB7-A5BF-6D775E5EEF27}.Ad-Hoc|ARM.Deploy.0 = Release|ARM
		{153CE513-30AD-4DB7-A5BF-6D775E5EEF27}.Ad-Hoc|iPhone.ActiveCfg = Release|x86
		{153CE513-30AD-4DB7-A5BF-6D775E5EEF27}.Ad-Hoc|iPhone.Build.0 = Release|x86
		{153CE513-30AD-4DB7-A5BF-6D775E5EEF27}.Ad-Hoc|iPhone.Deploy.0 = Release|x86
		{153CE513-30AD-4DB7-A5BF-6D775E5EEF27}.Ad-Hoc|iPhoneSimulator.ActiveCfg = Release|x86
		{153CE513-30AD-4DB7-A5BF-6D775E5EEF27}.Ad-Hoc|iPhoneSimulator.Build.0 = Release|x86
		{153CE513-30AD-4DB7-A5BF-6D775E5EEF27}.Ad-Hoc|iPhoneSimulator.Deploy.0 = Release|x86
		{153CE513-30AD-4DB7-A5BF-6D775E5EEF27}.Ad-Hoc|x64.ActiveCfg = Release|x64
		{153CE513-30AD-4DB7-A5BF-6D775E5EEF27}.Ad-Hoc|x64.Build.0 = Release|x64
		{153CE513-30AD-4DB7-A5BF-6D775E5EEF27}.Ad-Hoc|x64.Deploy.0 = Release|x64
		{153CE513-30AD-4DB7-A5BF-6D775E5EEF27}.Ad-Hoc|x86.ActiveCfg = Release|x86
		{153CE513-30AD-4DB7-A5BF-6D775E5EEF27}.Ad-Hoc|x86.Build.0 = Release|x86
		{153CE513-30AD-4DB7-A5BF-6D775E5EEF27}.Ad-Hoc|x86.Deploy.0 = Release|x86
		{153CE513-30AD-4DB7-A5BF-6D775E5EEF27}.AppStore|Any CPU.ActiveCfg = Release|x86
		{153CE513-30AD-4DB7-A5BF-6D775E5EEF27}.AppStore|Any CPU.Build.0 = Release|x86
		{153CE513-30AD-4DB7-A5BF-6D775E5EEF27}.AppStore|Any CPU.Deploy.0 = Release|x86
		{153CE513-30AD-4DB7-A5BF-6D775E5EEF27}.AppStore|ARM.ActiveCfg = Release|ARM
		{153CE513-30AD-4DB7-A5BF-6D775E5EEF27}.AppStore|ARM.Build.0 = Release|ARM
		{153CE513-30AD-4DB7-A5BF-6D775E5EEF27}.AppStore|ARM.Deploy.0 = Release|ARM
		{153CE513-30AD-4DB7-A5BF-6D775E5EEF27}.AppStore|iPhone.ActiveCfg = Release|x86
		{153CE513-30AD-4DB7-A5BF-6D775E5EEF27}.AppStore|iPhone.Build.0 = Release|x86
		{153CE513-30AD-4DB7-A5BF-6D775E5EEF27}.AppStore|iPhone.Deploy.0 = Release|x86
		{153CE513-30AD-4DB7-A5BF-6D775E5EEF27}.AppStore|iPhoneSimulator.ActiveCfg = Release|x86
		{153CE513-30AD-4DB7-A5BF-6D775E5EEF27}.AppStore|iPhoneSimulator.Build.0 = Release|x86
		{153CE513-30AD-4DB7-A5BF-6D775E5EEF27}.AppStore|iPhoneSimulator.Deploy.0 = Release|x86
		{153CE513-30AD-4DB7-A5BF-6D775E5EEF27}.AppStore|x64.ActiveCfg = Release|x64
		{153CE513-30AD-4DB7-A5BF-6D775E5EEF27}.AppStore|x64.Build.0 = Release|x64
		{153CE513-30AD-4DB7-A5BF-6D775E5EEF27}.AppStore|x64.Deploy.0 = Release|x64
		{153CE513-30AD-4DB7-A5BF-6D775E5EEF27}.AppStore|x86.ActiveCfg = Release|x86
		{153CE513-30AD-4DB7-A5BF-6D775E5EEF27}.AppStore|x86.Build.0 = Release|x86
		{153CE513-30AD-4DB7-A5BF-6D775E5EEF27}.AppStore|x86.Deploy.0 = Release|x86
		{153CE513-30AD-4DB7-A5BF-6D775E5EEF27}.Debug|Any CPU.ActiveCfg = Debug|x86
		{153CE513-30AD-4DB7-A5BF-6D775E5EEF27}.Debug|ARM.ActiveCfg = Debug|ARM
		{153CE513-30AD-4DB7-A5BF-6D775E5EEF27}.Debug|ARM.Build.0 = Debug|ARM
		{153CE513-30AD-4DB7-A5BF-6D775E5EEF27}.Debug|ARM.Deploy.0 = Debug|ARM
		{153CE513-30AD-4DB7-A5BF-6D775E5EEF27}.Debug|iPhone.ActiveCfg = Debug|x86
		{153CE513-30AD-4DB7-A5BF-6D775E5EEF27}.Debug|iPhoneSimulator.ActiveCfg = Debug|x86
		{153CE513-30AD-4DB7-A5BF-6D775E5EEF27}.Debug|x64.ActiveCfg = Debug|x64
		{153CE513-30AD-4DB7-A5BF-6D775E5EEF27}.Debug|x64.Build.0 = Debug|x64
		{153CE513-30AD-4DB7-A5BF-6D775E5EEF27}.Debug|x64.Deploy.0 = Debug|x64
		{153CE513-30AD-4DB7-A5BF-6D775E5EEF27}.Debug|x86.ActiveCfg = Debug|x86
		{153CE513-30AD-4DB7-A5BF-6D775E5EEF27}.Debug|x86.Build.0 = Debug|x86
		{153CE513-30AD-4DB7-A5BF-6D775E5EEF27}.Debug|x86.Deploy.0 = Debug|x86
		{153CE513-30AD-4DB7-A5BF-6D775E5EEF27}.Release|Any CPU.ActiveCfg = Release|x86
		{153CE513-30AD-4DB7-A5BF-6D775E5EEF27}.Release|ARM.ActiveCfg = Release|ARM
		{153CE513-30AD-4DB7-A5BF-6D775E5EEF27}.Release|ARM.Build.0 = Release|ARM
		{153CE513-30AD-4DB7-A5BF-6D775E5EEF27}.Release|ARM.Deploy.0 = Release|ARM
		{153CE513-30AD-4DB7-A5BF-6D775E5EEF27}.Release|iPhone.ActiveCfg = Release|x86
		{153CE513-30AD-4DB7-A5BF-6D775E5EEF27}.Release|iPhoneSimulator.ActiveCfg = Release|x86
		{153CE513-30AD-4DB7-A5BF-6D775E5EEF27}.Release|x64.ActiveCfg = Release|x64
		{153CE513-30AD-4DB7-A5BF-6D775E5EEF27}.Release|x64.Build.0 = Release|x64
		{153CE513-30AD-4DB7-A5BF-6D775E5EEF27}.Release|x64.Deploy.0 = Release|x64
		{153CE513-30AD-4DB7-A5BF-6D775E5EEF27}.Release|x86.ActiveCfg = Release|x86
		{153CE513-30AD-4DB7-A5BF-6D775E5EEF27}.Release|x86.Build.0 = Release|x86
		{153CE513-30AD-4DB7-A5BF-6D775E5EEF27}.Release|x86.Deploy.0 = Release|x86
		{67F9D3A8-F71E-4428-913F-C37AE82CDB24}.Ad-Hoc|Any CPU.ActiveCfg = Release|Any CPU
		{67F9D3A8-F71E-4428-913F-C37AE82CDB24}.Ad-Hoc|Any CPU.Build.0 = Release|Any CPU
		{67F9D3A8-F71E-4428-913F-C37AE82CDB24}.Ad-Hoc|ARM.ActiveCfg = Release|Any CPU
		{67F9D3A8-F71E-4428-913F-C37AE82CDB24}.Ad-Hoc|ARM.Build.0 = Release|Any CPU
		{67F9D3A8-F71E-4428-913F-C37AE82CDB24}.Ad-Hoc|iPhone.ActiveCfg = Release|Any CPU
		{67F9D3A8-F71E-4428-913F-C37AE82CDB24}.Ad-Hoc|iPhone.Build.0 = Release|Any CPU
		{67F9D3A8-F71E-4428-913F-C37AE82CDB24}.Ad-Hoc|iPhoneSimulator.ActiveCfg = Release|Any CPU
		{67F9D3A8-F71E-4428-913F-C37AE82CDB24}.Ad-Hoc|iPhoneSimulator.Build.0 = Release|Any CPU
		{67F9D3A8-F71E-4428-913F-C37AE82CDB24}.Ad-Hoc|x64.ActiveCfg = Release|Any CPU
		{67F9D3A8-F71E-4428-913F-C37AE82CDB24}.Ad-Hoc|x64.Build.0 = Release|Any CPU
		{67F9D3A8-F71E-4428-913F-C37AE82CDB24}.Ad-Hoc|x86.ActiveCfg = Release|Any CPU
		{67F9D3A8-F71E-4428-913F-C37AE82CDB24}.Ad-Hoc|x86.Build.0 = Release|Any CPU
		{67F9D3A8-F71E-4428-913F-C37AE82CDB24}.AppStore|Any CPU.ActiveCfg = Release|Any CPU
		{67F9D3A8-F71E-4428-913F-C37AE82CDB24}.AppStore|Any CPU.Build.0 = Release|Any CPU
		{67F9D3A8-F71E-4428-913F-C37AE82CDB24}.AppStore|ARM.ActiveCfg = Release|Any CPU
		{67F9D3A8-F71E-4428-913F-C37AE82CDB24}.AppStore|ARM.Build.0 = Release|Any CPU
		{67F9D3A8-F71E-4428-913F-C37AE82CDB24}.AppStore|iPhone.ActiveCfg = Release|Any CPU
		{67F9D3A8-F71E-4428-913F-C37AE82CDB24}.AppStore|iPhone.Build.0 = Release|Any CPU
		{67F9D3A8-F71E-4428-913F-C37AE82CDB24}.AppStore|iPhoneSimulator.ActiveCfg = Release|Any CPU
		{67F9D3A8-F71E-4428-913F-C37AE82CDB24}.AppStore|iPhoneSimulator.Build.0 = Release|Any CPU
		{67F9D3A8-F71E-4428-913F-C37AE82CDB24}.AppStore|x64.ActiveCfg = Release|Any CPU
		{67F9D3A8-F71E-4428-913F-C37AE82CDB24}.AppStore|x64.Build.0 = Release|Any CPU
		{67F9D3A8-F71E-4428-913F-C37AE82CDB24}.AppStore|x86.ActiveCfg = Release|Any CPU
		{67F9D3A8-F71E-4428-913F-C37AE82CDB24}.AppStore|x86.Build.0 = Release|Any CPU
		{67F9D3A8-F71E-4428-913F-C37AE82CDB24}.Debug|Any CPU.ActiveCfg = Debug|Any CPU
		{67F9D3A8-F71E-4428-913F-C37AE82CDB24}.Debug|Any CPU.Build.0 = Debug|Any CPU
		{67F9D3A8-F71E-4428-913F-C37AE82CDB24}.Debug|ARM.ActiveCfg = Debug|Any CPU
		{67F9D3A8-F71E-4428-913F-C37AE82CDB24}.Debug|ARM.Build.0 = Debug|Any CPU
		{67F9D3A8-F71E-4428-913F-C37AE82CDB24}.Debug|iPhone.ActiveCfg = Debug|Any CPU
		{67F9D3A8-F71E-4428-913F-C37AE82CDB24}.Debug|iPhone.Build.0 = Debug|Any CPU
		{67F9D3A8-F71E-4428-913F-C37AE82CDB24}.Debug|iPhoneSimulator.ActiveCfg = Debug|Any CPU
		{67F9D3A8-F71E-4428-913F-C37AE82CDB24}.Debug|iPhoneSimulator.Build.0 = Debug|Any CPU
		{67F9D3A8-F71E-4428-913F-C37AE82CDB24}.Debug|x64.ActiveCfg = Debug|Any CPU
		{67F9D3A8-F71E-4428-913F-C37AE82CDB24}.Debug|x64.Build.0 = Debug|Any CPU
		{67F9D3A8-F71E-4428-913F-C37AE82CDB24}.Debug|x86.ActiveCfg = Debug|Any CPU
		{67F9D3A8-F71E-4428-913F-C37AE82CDB24}.Debug|x86.Build.0 = Debug|Any CPU
		{67F9D3A8-F71E-4428-913F-C37AE82CDB24}.Release|Any CPU.ActiveCfg = Release|Any CPU
		{67F9D3A8-F71E-4428-913F-C37AE82CDB24}.Release|Any CPU.Build.0 = Release|Any CPU
		{67F9D3A8-F71E-4428-913F-C37AE82CDB24}.Release|ARM.ActiveCfg = Release|Any CPU
		{67F9D3A8-F71E-4428-913F-C37AE82CDB24}.Release|ARM.Build.0 = Release|Any CPU
		{67F9D3A8-F71E-4428-913F-C37AE82CDB24}.Release|iPhone.ActiveCfg = Release|Any CPU
		{67F9D3A8-F71E-4428-913F-C37AE82CDB24}.Release|iPhone.Build.0 = Release|Any CPU
		{67F9D3A8-F71E-4428-913F-C37AE82CDB24}.Release|iPhoneSimulator.ActiveCfg = Release|Any CPU
		{67F9D3A8-F71E-4428-913F-C37AE82CDB24}.Release|iPhoneSimulator.Build.0 = Release|Any CPU
		{67F9D3A8-F71E-4428-913F-C37AE82CDB24}.Release|x64.ActiveCfg = Release|Any CPU
		{67F9D3A8-F71E-4428-913F-C37AE82CDB24}.Release|x64.Build.0 = Release|Any CPU
		{67F9D3A8-F71E-4428-913F-C37AE82CDB24}.Release|x86.ActiveCfg = Release|Any CPU
		{67F9D3A8-F71E-4428-913F-C37AE82CDB24}.Release|x86.Build.0 = Release|Any CPU
		{7E8DC279-549E-4B3B-BB4C-4F29450729CF}.Ad-Hoc|Any CPU.ActiveCfg = Release|Any CPU
		{7E8DC279-549E-4B3B-BB4C-4F29450729CF}.Ad-Hoc|Any CPU.Build.0 = Release|Any CPU
		{7E8DC279-549E-4B3B-BB4C-4F29450729CF}.Ad-Hoc|ARM.ActiveCfg = Release|Any CPU
		{7E8DC279-549E-4B3B-BB4C-4F29450729CF}.Ad-Hoc|ARM.Build.0 = Release|Any CPU
		{7E8DC279-549E-4B3B-BB4C-4F29450729CF}.Ad-Hoc|iPhone.ActiveCfg = Release|Any CPU
		{7E8DC279-549E-4B3B-BB4C-4F29450729CF}.Ad-Hoc|iPhone.Build.0 = Release|Any CPU
		{7E8DC279-549E-4B3B-BB4C-4F29450729CF}.Ad-Hoc|iPhoneSimulator.ActiveCfg = Release|Any CPU
		{7E8DC279-549E-4B3B-BB4C-4F29450729CF}.Ad-Hoc|iPhoneSimulator.Build.0 = Release|Any CPU
		{7E8DC279-549E-4B3B-BB4C-4F29450729CF}.Ad-Hoc|x64.ActiveCfg = Release|Any CPU
		{7E8DC279-549E-4B3B-BB4C-4F29450729CF}.Ad-Hoc|x64.Build.0 = Release|Any CPU
		{7E8DC279-549E-4B3B-BB4C-4F29450729CF}.Ad-Hoc|x86.ActiveCfg = Release|Any CPU
		{7E8DC279-549E-4B3B-BB4C-4F29450729CF}.Ad-Hoc|x86.Build.0 = Release|Any CPU
		{7E8DC279-549E-4B3B-BB4C-4F29450729CF}.AppStore|Any CPU.ActiveCfg = Release|Any CPU
		{7E8DC279-549E-4B3B-BB4C-4F29450729CF}.AppStore|Any CPU.Build.0 = Release|Any CPU
		{7E8DC279-549E-4B3B-BB4C-4F29450729CF}.AppStore|ARM.ActiveCfg = Release|Any CPU
		{7E8DC279-549E-4B3B-BB4C-4F29450729CF}.AppStore|ARM.Build.0 = Release|Any CPU
		{7E8DC279-549E-4B3B-BB4C-4F29450729CF}.AppStore|iPhone.ActiveCfg = Release|Any CPU
		{7E8DC279-549E-4B3B-BB4C-4F29450729CF}.AppStore|iPhone.Build.0 = Release|Any CPU
		{7E8DC279-549E-4B3B-BB4C-4F29450729CF}.AppStore|iPhoneSimulator.ActiveCfg = Release|Any CPU
		{7E8DC279-549E-4B3B-BB4C-4F29450729CF}.AppStore|iPhoneSimulator.Build.0 = Release|Any CPU
		{7E8DC279-549E-4B3B-BB4C-4F29450729CF}.AppStore|x64.ActiveCfg = Release|Any CPU
		{7E8DC279-549E-4B3B-BB4C-4F29450729CF}.AppStore|x64.Build.0 = Release|Any CPU
		{7E8DC279-549E-4B3B-BB4C-4F29450729CF}.AppStore|x86.ActiveCfg = Release|Any CPU
		{7E8DC279-549E-4B3B-BB4C-4F29450729CF}.AppStore|x86.Build.0 = Release|Any CPU
		{7E8DC279-549E-4B3B-BB4C-4F29450729CF}.Debug|Any CPU.ActiveCfg = Debug|Any CPU
		{7E8DC279-549E-4B3B-BB4C-4F29450729CF}.Debug|Any CPU.Build.0 = Debug|Any CPU
		{7E8DC279-549E-4B3B-BB4C-4F29450729CF}.Debug|ARM.ActiveCfg = Debug|Any CPU
		{7E8DC279-549E-4B3B-BB4C-4F29450729CF}.Debug|ARM.Build.0 = Debug|Any CPU
		{7E8DC279-549E-4B3B-BB4C-4F29450729CF}.Debug|iPhone.ActiveCfg = Debug|Any CPU
		{7E8DC279-549E-4B3B-BB4C-4F29450729CF}.Debug|iPhone.Build.0 = Debug|Any CPU
		{7E8DC279-549E-4B3B-BB4C-4F29450729CF}.Debug|iPhoneSimulator.ActiveCfg = Debug|Any CPU
		{7E8DC279-549E-4B3B-BB4C-4F29450729CF}.Debug|iPhoneSimulator.Build.0 = Debug|Any CPU
		{7E8DC279-549E-4B3B-BB4C-4F29450729CF}.Debug|x64.ActiveCfg = Debug|Any CPU
		{7E8DC279-549E-4B3B-BB4C-4F29450729CF}.Debug|x64.Build.0 = Debug|Any CPU
		{7E8DC279-549E-4B3B-BB4C-4F29450729CF}.Debug|x86.ActiveCfg = Debug|Any CPU
		{7E8DC279-549E-4B3B-BB4C-4F29450729CF}.Debug|x86.Build.0 = Debug|Any CPU
		{7E8DC279-549E-4B3B-BB4C-4F29450729CF}.Release|Any CPU.ActiveCfg = Release|Any CPU
		{7E8DC279-549E-4B3B-BB4C-4F29450729CF}.Release|Any CPU.Build.0 = Release|Any CPU
		{7E8DC279-549E-4B3B-BB4C-4F29450729CF}.Release|ARM.ActiveCfg = Release|Any CPU
		{7E8DC279-549E-4B3B-BB4C-4F29450729CF}.Release|ARM.Build.0 = Release|Any CPU
		{7E8DC279-549E-4B3B-BB4C-4F29450729CF}.Release|iPhone.ActiveCfg = Release|Any CPU
		{7E8DC279-549E-4B3B-BB4C-4F29450729CF}.Release|iPhone.Build.0 = Release|Any CPU
		{7E8DC279-549E-4B3B-BB4C-4F29450729CF}.Release|iPhoneSimulator.ActiveCfg = Release|Any CPU
		{7E8DC279-549E-4B3B-BB4C-4F29450729CF}.Release|iPhoneSimulator.Build.0 = Release|Any CPU
		{7E8DC279-549E-4B3B-BB4C-4F29450729CF}.Release|x64.ActiveCfg = Release|Any CPU
		{7E8DC279-549E-4B3B-BB4C-4F29450729CF}.Release|x64.Build.0 = Release|Any CPU
		{7E8DC279-549E-4B3B-BB4C-4F29450729CF}.Release|x86.ActiveCfg = Release|Any CPU
		{7E8DC279-549E-4B3B-BB4C-4F29450729CF}.Release|x86.Build.0 = Release|Any CPU
	EndGlobalSection
	GlobalSection(SolutionProperties) = preSolution
		HideSolutionNode = FALSE
	EndGlobalSection
EndGlobal
